
Microsoft Visual Studio Solution File, Format Version 12.00
# Visual Studio Version 16
VisualStudioVersion = 16.0.31129.286
MinimumVisualStudioVersion = 10.0.40219.1
Project("{FAE04EC0-301F-11D3-BF4B-00C04F79EFBC}") = "authorization_service", "authorization_service\authorization_service.csproj", "{382760B4-98E0-44B9-B68A-E05A1F508EB7}"
EndProject
Global
	GlobalSection(SolutionConfigurationPlatforms) = preSolution
		Debug|Any CPU = Debug|Any CPU
		Release|Any CPU = Release|Any CPU
	EndGlobalSection
	GlobalSection(ProjectConfigurationPlatforms) = postSolution
		{382760B4-98E0-44B9-B68A-E05A1F508EB7}.Debug|Any CPU.ActiveCfg = Debug|Any CPU
		{382760B4-98E0-44B9-B68A-E05A1F508EB7}.Debug|Any CPU.Build.0 = Debug|Any CPU
		{382760B4-98E0-44B9-B68A-E05A1F508EB7}.Release|Any CPU.ActiveCfg = Release|Any CPU
		{382760B4-98E0-44B9-B68A-E05A1F508EB7}.Release|Any CPU.Build.0 = Release|Any CPU
	EndGlobalSection
	GlobalSection(SolutionProperties) = preSolution
		HideSolutionNode = FALSE
	EndGlobalSection
	GlobalSection(ExtensibilityGlobals) = postSolution
		SolutionGuid = {9F554578-2770-4DE9-AD32-7BB23E5BAEDC}
	EndGlobalSection
EndGlobal
